
Microsoft Visual Studio Solution File, Format Version 12.00
# Visual Studio Version 16
VisualStudioVersion = 16.0.31624.102
MinimumVisualStudioVersion = 10.0.40219.1
Project("{FAE04EC0-301F-11D3-BF4B-00C04F79EFBC}") = "PDarjiAssignment1", "PDarjiAssignment1\PDarjiAssignment1.csproj", "{AFB1795E-3440-460F-BD53-907002AFEBFE}"
EndProject
Global
	GlobalSection(SolutionConfigurationPlatforms) = preSolution
		Debug|Any CPU = Debug|Any CPU
		Release|Any CPU = Release|Any CPU
	EndGlobalSection
	GlobalSection(ProjectConfigurationPlatforms) = postSolution
		{AFB1795E-3440-460F-BD53-907002AFEBFE}.Debug|Any CPU.ActiveCfg = Debug|Any CPU
		{AFB1795E-3440-460F-BD53-907002AFEBFE}.Debug|Any CPU.Build.0 = Debug|Any CPU
		{AFB1795E-3440-460F-BD53-907002AFEBFE}.Release|Any CPU.ActiveCfg = Release|Any CPU
		{AFB1795E-3440-460F-BD53-907002AFEBFE}.Release|Any CPU.Build.0 = Release|Any CPU
	EndGlobalSection
	GlobalSection(SolutionProperties) = preSolution
		HideSolutionNode = FALSE
	EndGlobalSection
	GlobalSection(ExtensibilityGlobals) = postSolution
		SolutionGuid = {2FAD530A-E1BD-46AD-93F9-85FFB1CC8E0E}
	EndGlobalSection
EndGlobal
